
Microsoft Visual Studio Solution File, Format Version 12.00
# Visual Studio Version 17
VisualStudioVersion = 17.0.31903.59
MinimumVisualStudioVersion = 10.0.40219.1
Project("{2150E333-8FDC-42A3-9474-1A3956D46DE8}") = "src", "src", "{827E0CD3-B72D-47B6-A68D-7590B98EB39B}"
EndProject
Project("{2150E333-8FDC-42A3-9474-1A3956D46DE8}") = "gateway", "gateway", "{6306A8FB-679E-111F-6585-8F70E0EE6013}"
EndProject
Project("{FAE04EC0-301F-11D3-BF4B-00C04F79EFBC}") = "Booked.Gateway.Api", "src\gateway\Booked.Gateway.Api\Booked.Gateway.Api.csproj", "{FE1E9077-22A6-4277-BC1D-E05C580C5845}"
EndProject
Project("{2150E333-8FDC-42A3-9474-1A3956D46DE8}") = "services", "services", "{984BB9B3-3FA3-BE33-9484-CAC21695A33C}"
EndProject
Project("{2150E333-8FDC-42A3-9474-1A3956D46DE8}") = "admin", "admin", "{023B9AA2-7486-B2A3-4322-CC29E28BB2EB}"
EndProject
Project("{FAE04EC0-301F-11D3-BF4B-00C04F79EFBC}") = "Booked.Admin.Api", "src\services\admin\Booked.Admin.Api\Booked.Admin.Api.csproj", "{D2664BF2-1ED8-4A4B-AE4C-0F16DB2B20CE}"
EndProject
Project("{FAE04EC0-301F-11D3-BF4B-00C04F79EFBC}") = "Booked.Admin.Application", "src\services\admin\Booked.Admin.Application\Booked.Admin.Application.csproj", "{97F191DE-705A-4C76-9A3C-B30EE3E827B2}"
EndProject
Project("{FAE04EC0-301F-11D3-BF4B-00C04F79EFBC}") = "Booked.Admin.Domain", "src\services\admin\Booked.Admin.Domain\Booked.Admin.Domain.csproj", "{0A780994-BEAC-4C78-948A-65275DE725EA}"
EndProject
Project("{FAE04EC0-301F-11D3-BF4B-00C04F79EFBC}") = "Booked.Admin.Infrastructure", "src\services\admin\Booked.Admin.Infrastructure\Booked.Admin.Infrastructure.csproj", "{B465348C-20F5-46AF-8764-5702C86FC0EC}"
EndProject
Project("{2150E333-8FDC-42A3-9474-1A3956D46DE8}") = "chatbot-book", "chatbot-book", "{A57FC51C-7361-FF58-DF21-5E5940329ABE}"
EndProject
Project("{FAE04EC0-301F-11D3-BF4B-00C04F79EFBC}") = "Booked.Chatbot.Api", "src\services\chatbot-book\Booked.Chatbot.Api\Booked.Chatbot.Api.csproj", "{C4D97CC3-AECB-45EE-B9F5-DCD58FF5AF3A}"
EndProject
Project("{FAE04EC0-301F-11D3-BF4B-00C04F79EFBC}") = "Booked.Chatbot.Application", "src\services\chatbot-book\Booked.Chatbot.Application\Booked.Chatbot.Application.csproj", "{41AD1727-42D0-4755-9C3F-C9A0026AF4AE}"
EndProject
Project("{FAE04EC0-301F-11D3-BF4B-00C04F79EFBC}") = "Booked.Chatbot.Domain", "src\services\chatbot-book\Booked.Chatbot.Domain\Booked.Chatbot.Domain.csproj", "{658A7BB0-A8CA-4704-899C-EB1D24978FF9}"
EndProject
Project("{FAE04EC0-301F-11D3-BF4B-00C04F79EFBC}") = "Booked.Chatbot.Infrastructure", "src\services\chatbot-book\Booked.Chatbot.Infrastructure\Booked.Chatbot.Infrastructure.csproj", "{EF0FC7EA-7E4D-479F-BBAB-C8854522757C}"
EndProject
Project("{2150E333-8FDC-42A3-9474-1A3956D46DE8}") = "identity", "identity", "{1BFC9479-12BF-35C3-06B8-42D89D95092B}"
EndProject
Project("{FAE04EC0-301F-11D3-BF4B-00C04F79EFBC}") = "Booked.Identity.Api", "src\services\identity\Booked.Identity.Api\Booked.Identity.Api.csproj", "{17BE6027-8E08-4680-8565-BF895D2EFEB9}"
EndProject
Project("{FAE04EC0-301F-11D3-BF4B-00C04F79EFBC}") = "Booked.Identity.Application", "src\services\identity\Booked.Identity.Application\Booked.Identity.Application.csproj", "{10433DFD-5601-4B0D-A3E5-47C41799FB54}"
EndProject
Project("{FAE04EC0-301F-11D3-BF4B-00C04F79EFBC}") = "Booked.Identity.Domain", "src\services\identity\Booked.Identity.Domain\Booked.Identity.Domain.csproj", "{F441AA43-8543-4C9C-AAD1-F2A96F593FFE}"
EndProject
Project("{FAE04EC0-301F-11D3-BF4B-00C04F79EFBC}") = "Booked.Identity.Infrastructure", "src\services\identity\Booked.Identity.Infrastructure\Booked.Identity.Infrastructure.csproj", "{0FD7BBF8-6E6F-402B-A092-CA5CFAE3DA64}"
EndProject
Project("{2150E333-8FDC-42A3-9474-1A3956D46DE8}") = "organizations", "organizations", "{37931378-6372-1BBC-7B6E-902212509155}"
EndProject
Project("{FAE04EC0-301F-11D3-BF4B-00C04F79EFBC}") = "Booked.Organizations.Api", "src\services\organizations\Booked.Organizations.Api\Booked.Organizations.Api.csproj", "{27A9339B-0A30-4463-A03E-48DDFDA6B586}"
EndProject
Project("{FAE04EC0-301F-11D3-BF4B-00C04F79EFBC}") = "Booked.Organizations.Application", "src\services\organizations\Booked.Organizations.Application\Booked.Organizations.Application.csproj", "{FDA29613-3834-4A02-8773-802ED4AA5CEC}"
EndProject
Project("{FAE04EC0-301F-11D3-BF4B-00C04F79EFBC}") = "Booked.Organizations.Domain", "src\services\organizations\Booked.Organizations.Domain\Booked.Organizations.Domain.csproj", "{7DE07EC4-9F24-44B1-B3F8-79195207C15D}"
EndProject
Project("{FAE04EC0-301F-11D3-BF4B-00C04F79EFBC}") = "Booked.Organizations.Infrastructure", "src\services\organizations\Booked.Organizations.Infrastructure\Booked.Organizations.Infrastructure.csproj", "{2B2A798C-6927-4AC3-A0F2-4D30BFC0CB97}"
EndProject
Project("{2150E333-8FDC-42A3-9474-1A3956D46DE8}") = "scheduling", "scheduling", "{3684FCDD-39A6-87A3-3BF4-790D5BE4AD69}"
EndProject
Project("{FAE04EC0-301F-11D3-BF4B-00C04F79EFBC}") = "Booked.Scheduling.Api", "src\services\scheduling\Booked.Scheduling.Api\Booked.Scheduling.Api.csproj", "{AC9C8104-FA02-4A10-BD8B-551BE69D4086}"
EndProject
Project("{FAE04EC0-301F-11D3-BF4B-00C04F79EFBC}") = "Booked.Scheduling.Application", "src\services\scheduling\Booked.Scheduling.Application\Booked.Scheduling.Application.csproj", "{4D16C5D5-3F09-4A6C-B9DB-AF7B19297B1A}"
EndProject
Project("{FAE04EC0-301F-11D3-BF4B-00C04F79EFBC}") = "Booked.Scheduling.Domain", "src\services\scheduling\Booked.Scheduling.Domain\Booked.Scheduling.Domain.csproj", "{8769C8D7-8BE4-47D6-B1AC-C130F319BFBC}"
EndProject
Project("{FAE04EC0-301F-11D3-BF4B-00C04F79EFBC}") = "Booked.Scheduling.Infrastructure", "src\services\scheduling\Booked.Scheduling.Infrastructure\Booked.Scheduling.Infrastructure.csproj", "{AB701F1C-CE58-43FC-8961-3FEA93315A7E}"
EndProject
Project("{2150E333-8FDC-42A3-9474-1A3956D46DE8}") = "subscriptions", "subscriptions", "{9277334F-31F4-C8C9-18F6-86772FD6A830}"
EndProject
Project("{FAE04EC0-301F-11D3-BF4B-00C04F79EFBC}") = "Booked.Subscriptions.Api", "src\services\subscriptions\Booked.Subscriptions.Api\Booked.Subscriptions.Api.csproj", "{0EC4A496-5353-43EE-ABC4-86826B74AC66}"
EndProject
Project("{FAE04EC0-301F-11D3-BF4B-00C04F79EFBC}") = "Booked.Subscriptions.Application", "src\services\subscriptions\Booked.Subscriptions.Application\Booked.Subscriptions.Application.csproj", "{01D68142-D0E3-4249-8E1F-7037DB87A616}"
EndProject
Project("{FAE04EC0-301F-11D3-BF4B-00C04F79EFBC}") = "Booked.Subscriptions.Domain", "src\services\subscriptions\Booked.Subscriptions.Domain\Booked.Subscriptions.Domain.csproj", "{B39A8885-59E0-4252-A373-023CBAF99D48}"
EndProject
Project("{FAE04EC0-301F-11D3-BF4B-00C04F79EFBC}") = "Booked.Subscriptions.Infrastructure", "src\services\subscriptions\Booked.Subscriptions.Infrastructure\Booked.Subscriptions.Infrastructure.csproj", "{F11D575F-15D6-43EE-B729-86EC024CD4E0}"
EndProject
Project("{2150E333-8FDC-42A3-9474-1A3956D46DE8}") = "shared", "shared", "{C8E42992-5E42-0C2B-DBFE-AA848D06431C}"
EndProject
Project("{FAE04EC0-301F-11D3-BF4B-00C04F79EFBC}") = "Booked.Shared.BuildingBlocks", "src\shared\Booked.Shared.BuildingBlocks\Booked.Shared.BuildingBlocks.csproj", "{026BB9F9-669C-42F7-8734-EAE0F2A81D60}"
EndProject
Project("{FAE04EC0-301F-11D3-BF4B-00C04F79EFBC}") = "Booked.Shared.Contracts", "src\shared\Booked.Shared.Contracts\Booked.Shared.Contracts.csproj", "{514EF0DE-E707-4E88-8E46-479801B6A404}"
EndProject
Project("{FAE04EC0-301F-11D3-BF4B-00C04F79EFBC}") = "Booked.Shared.Observability", "src\shared\Booked.Shared.Observability\Booked.Shared.Observability.csproj", "{C29EE209-B25E-4C93-81C9-ADAEE9F0F79E}"
EndProject
Global
	GlobalSection(SolutionConfigurationPlatforms) = preSolution
		Debug|Any CPU = Debug|Any CPU
		Debug|x64 = Debug|x64
		Debug|x86 = Debug|x86
		Release|Any CPU = Release|Any CPU
		Release|x64 = Release|x64
		Release|x86 = Release|x86
	EndGlobalSection
	GlobalSection(ProjectConfigurationPlatforms) = postSolution
		{FE1E9077-22A6-4277-BC1D-E05C580C5845}.Debug|Any CPU.ActiveCfg = Debug|Any CPU
		{FE1E9077-22A6-4277-BC1D-E05C580C5845}.Debug|Any CPU.Build.0 = Debug|Any CPU
		{FE1E9077-22A6-4277-BC1D-E05C580C5845}.Debug|x64.ActiveCfg = Debug|Any CPU
		{FE1E9077-22A6-4277-BC1D-E05C580C5845}.Debug|x64.Build.0 = Debug|Any CPU
		{FE1E9077-22A6-4277-BC1D-E05C580C5845}.Debug|x86.ActiveCfg = Debug|Any CPU
		{FE1E9077-22A6-4277-BC1D-E05C580C5845}.Debug|x86.Build.0 = Debug|Any CPU
		{FE1E9077-22A6-4277-BC1D-E05C580C5845}.Release|Any CPU.ActiveCfg = Release|Any CPU
		{FE1E9077-22A6-4277-BC1D-E05C580C5845}.Release|Any CPU.Build.0 = Release|Any CPU
		{FE1E9077-22A6-4277-BC1D-E05C580C5845}.Release|x64.ActiveCfg = Release|Any CPU
		{FE1E9077-22A6-4277-BC1D-E05C580C5845}.Release|x64.Build.0 = Release|Any CPU
		{FE1E9077-22A6-4277-BC1D-E05C580C5845}.Release|x86.ActiveCfg = Release|Any CPU
		{FE1E9077-22A6-4277-BC1D-E05C580C5845}.Release|x86.Build.0 = Release|Any CPU
		{D2664BF2-1ED8-4A4B-AE4C-0F16DB2B20CE}.Debug|Any CPU.ActiveCfg = Debug|Any CPU
		{D2664BF2-1ED8-4A4B-AE4C-0F16DB2B20CE}.Debug|Any CPU.Build.0 = Debug|Any CPU
		{D2664BF2-1ED8-4A4B-AE4C-0F16DB2B20CE}.Debug|x64.ActiveCfg = Debug|Any CPU
		{D2664BF2-1ED8-4A4B-AE4C-0F16DB2B20CE}.Debug|x64.Build.0 = Debug|Any CPU
		{D2664BF2-1ED8-4A4B-AE4C-0F16DB2B20CE}.Debug|x86.ActiveCfg = Debug|Any CPU
		{D2664BF2-1ED8-4A4B-AE4C-0F16DB2B20CE}.Debug|x86.Build.0 = Debug|Any CPU
		{D2664BF2-1ED8-4A4B-AE4C-0F16DB2B20CE}.Release|Any CPU.ActiveCfg = Release|Any CPU
		{D2664BF2-1ED8-4A4B-AE4C-0F16DB2B20CE}.Release|Any CPU.Build.0 = Release|Any CPU
		{D2664BF2-1ED8-4A4B-AE4C-0F16DB2B20CE}.Release|x64.ActiveCfg = Release|Any CPU
		{D2664BF2-1ED8-4A4B-AE4C-0F16DB2B20CE}.Release|x64.Build.0 = Release|Any CPU
		{D2664BF2-1ED8-4A4B-AE4C-0F16DB2B20CE}.Release|x86.ActiveCfg = Release|Any CPU
		{D2664BF2-1ED8-4A4B-AE4C-0F16DB2B20CE}.Release|x86.Build.0 = Release|Any CPU
		{97F191DE-705A-4C76-9A3C-B30EE3E827B2}.Debug|Any CPU.ActiveCfg = Debug|Any CPU
		{97F191DE-705A-4C76-9A3C-B30EE3E827B2}.Debug|Any CPU.Build.0 = Debug|Any CPU
		{97F191DE-705A-4C76-9A3C-B30EE3E827B2}.Debug|x64.ActiveCfg = Debug|Any CPU
		{97F191DE-705A-4C76-9A3C-B30EE3E827B2}.Debug|x64.Build.0 = Debug|Any CPU
		{97F191DE-705A-4C76-9A3C-B30EE3E827B2}.Debug|x86.ActiveCfg = Debug|Any CPU
		{97F191DE-705A-4C76-9A3C-B30EE3E827B2}.Debug|x86.Build.0 = Debug|Any CPU
		{97F191DE-705A-4C76-9A3C-B30EE3E827B2}.Release|Any CPU.ActiveCfg = Release|Any CPU
		{97F191DE-705A-4C76-9A3C-B30EE3E827B2}.Release|Any CPU.Build.0 = Release|Any CPU
		{97F191DE-705A-4C76-9A3C-B30EE3E827B2}.Release|x64.ActiveCfg = Release|Any CPU
		{97F191DE-705A-4C76-9A3C-B30EE3E827B2}.Release|x64.Build.0 = Release|Any CPU
		{97F191DE-705A-4C76-9A3C-B30EE3E827B2}.Release|x86.ActiveCfg = Release|Any CPU
		{97F191DE-705A-4C76-9A3C-B30EE3E827B2}.Release|x86.Build.0 = Release|Any CPU
		{0A780994-BEAC-4C78-948A-65275DE725EA}.Debug|Any CPU.ActiveCfg = Debug|Any CPU
		{0A780994-BEAC-4C78-948A-65275DE725EA}.Debug|Any CPU.Build.0 = Debug|Any CPU
		{0A780994-BEAC-4C78-948A-65275DE725EA}.Debug|x64.ActiveCfg = Debug|Any CPU
		{0A780994-BEAC-4C78-948A-65275DE725EA}.Debug|x64.Build.0 = Debug|Any CPU
		{0A780994-BEAC-4C78-948A-65275DE725EA}.Debug|x86.ActiveCfg = Debug|Any CPU
		{0A780994-BEAC-4C78-948A-65275DE725EA}.Debug|x86.Build.0 = Debug|Any CPU
		{0A780994-BEAC-4C78-948A-65275DE725EA}.Release|Any CPU.ActiveCfg = Release|Any CPU
		{0A780994-BEAC-4C78-948A-65275DE725EA}.Release|Any CPU.Build.0 = Release|Any CPU
		{0A780994-BEAC-4C78-948A-65275DE725EA}.Release|x64.ActiveCfg = Release|Any CPU
		{0A780994-BEAC-4C78-948A-65275DE725EA}.Release|x64.Build.0 = Release|Any CPU
		{0A780994-BEAC-4C78-948A-65275DE725EA}.Release|x86.ActiveCfg = Release|Any CPU
		{0A780994-BEAC-4C78-948A-65275DE725EA}.Release|x86.Build.0 = Release|Any CPU
		{B465348C-20F5-46AF-8764-5702C86FC0EC}.Debug|Any CPU.ActiveCfg = Debug|Any CPU
		{B465348C-20F5-46AF-8764-5702C86FC0EC}.Debug|Any CPU.Build.0 = Debug|Any CPU
		{B465348C-20F5-46AF-8764-5702C86FC0EC}.Debug|x64.ActiveCfg = Debug|Any CPU
		{B465348C-20F5-46AF-8764-5702C86FC0EC}.Debug|x64.Build.0 = Debug|Any CPU
		{B465348C-20F5-46AF-8764-5702C86FC0EC}.Debug|x86.ActiveCfg = Debug|Any CPU
		{B465348C-20F5-46AF-8764-5702C86FC0EC}.Debug|x86.Build.0 = Debug|Any CPU
		{B465348C-20F5-46AF-8764-5702C86FC0EC}.Release|Any CPU.ActiveCfg = Release|Any CPU
		{B465348C-20F5-46AF-8764-5702C86FC0EC}.Release|Any CPU.Build.0 = Release|Any CPU
		{B465348C-20F5-46AF-8764-5702C86FC0EC}.Release|x64.ActiveCfg = Release|Any CPU
		{B465348C-20F5-46AF-8764-5702C86FC0EC}.Release|x64.Build.0 = Release|Any CPU
		{B465348C-20F5-46AF-8764-5702C86FC0EC}.Release|x86.ActiveCfg = Release|Any CPU
		{B465348C-20F5-46AF-8764-5702C86FC0EC}.Release|x86.Build.0 = Release|Any CPU
		{C4D97CC3-AECB-45EE-B9F5-DCD58FF5AF3A}.Debug|Any CPU.ActiveCfg = Debug|Any CPU
		{C4D97CC3-AECB-45EE-B9F5-DCD58FF5AF3A}.Debug|Any CPU.Build.0 = Debug|Any CPU
		{C4D97CC3-AECB-45EE-B9F5-DCD58FF5AF3A}.Debug|x64.ActiveCfg = Debug|Any CPU
		{C4D97CC3-AECB-45EE-B9F5-DCD58FF5AF3A}.Debug|x64.Build.0 = Debug|Any CPU
		{C4D97CC3-AECB-45EE-B9F5-DCD58FF5AF3A}.Debug|x86.ActiveCfg = Debug|Any CPU
		{C4D97CC3-AECB-45EE-B9F5-DCD58FF5AF3A}.Debug|x86.Build.0 = Debug|Any CPU
		{C4D97CC3-AECB-45EE-B9F5-DCD58FF5AF3A}.Release|Any CPU.ActiveCfg = Release|Any CPU
		{C4D97CC3-AECB-45EE-B9F5-DCD58FF5AF3A}.Release|Any CPU.Build.0 = Release|Any CPU
		{C4D97CC3-AECB-45EE-B9F5-DCD58FF5AF3A}.Release|x64.ActiveCfg = Release|Any CPU
		{C4D97CC3-AECB-45EE-B9F5-DCD58FF5AF3A}.Release|x64.Build.0 = Release|Any CPU
		{C4D97CC3-AECB-45EE-B9F5-DCD58FF5AF3A}.Release|x86.ActiveCfg = Release|Any CPU
		{C4D97CC3-AECB-45EE-B9F5-DCD58FF5AF3A}.Release|x86.Build.0 = Release|Any CPU
		{41AD1727-42D0-4755-9C3F-C9A0026AF4AE}.Debug|Any CPU.ActiveCfg = Debug|Any CPU
		{41AD1727-42D0-4755-9C3F-C9A0026AF4AE}.Debug|Any CPU.Build.0 = Debug|Any CPU
		{41AD1727-42D0-4755-9C3F-C9A0026AF4AE}.Debug|x64.ActiveCfg = Debug|Any CPU
		{41AD1727-42D0-4755-9C3F-C9A0026AF4AE}.Debug|x64.Build.0 = Debug|Any CPU
		{41AD1727-42D0-4755-9C3F-C9A0026AF4AE}.Debug|x86.ActiveCfg = Debug|Any CPU
		{41AD1727-42D0-4755-9C3F-C9A0026AF4AE}.Debug|x86.Build.0 = Debug|Any CPU
		{41AD1727-42D0-4755-9C3F-C9A0026AF4AE}.Release|Any CPU.ActiveCfg = Release|Any CPU
		{41AD1727-42D0-4755-9C3F-C9A0026AF4AE}.Release|Any CPU.Build.0 = Release|Any CPU
		{41AD1727-42D0-4755-9C3F-C9A0026AF4AE}.Release|x64.ActiveCfg = Release|Any CPU
		{41AD1727-42D0-4755-9C3F-C9A0026AF4AE}.Release|x64.Build.0 = Release|Any CPU
		{41AD1727-42D0-4755-9C3F-C9A0026AF4AE}.Release|x86.ActiveCfg = Release|Any CPU
		{41AD1727-42D0-4755-9C3F-C9A0026AF4AE}.Release|x86.Build.0 = Release|Any CPU
		{658A7BB0-A8CA-4704-899C-EB1D24978FF9}.Debug|Any CPU.ActiveCfg = Debug|Any CPU
		{658A7BB0-A8CA-4704-899C-EB1D24978FF9}.Debug|Any CPU.Build.0 = Debug|Any CPU
		{658A7BB0-A8CA-4704-899C-EB1D24978FF9}.Debug|x64.ActiveCfg = Debug|Any CPU
		{658A7BB0-A8CA-4704-899C-EB1D24978FF9}.Debug|x64.Build.0 = Debug|Any CPU
		{658A7BB0-A8CA-4704-899C-EB1D24978FF9}.Debug|x86.ActiveCfg = Debug|Any CPU
		{658A7BB0-A8CA-4704-899C-EB1D24978FF9}.Debug|x86.Build.0 = Debug|Any CPU
		{658A7BB0-A8CA-4704-899C-EB1D24978FF9}.Release|Any CPU.ActiveCfg = Release|Any CPU
		{658A7BB0-A8CA-4704-899C-EB1D24978FF9}.Release|Any CPU.Build.0 = Release|Any CPU
		{658A7BB0-A8CA-4704-899C-EB1D24978FF9}.Release|x64.ActiveCfg = Release|Any CPU
		{658A7BB0-A8CA-4704-899C-EB1D24978FF9}.Release|x64.Build.0 = Release|Any CPU
		{658A7BB0-A8CA-4704-899C-EB1D24978FF9}.Release|x86.ActiveCfg = Release|Any CPU
		{658A7BB0-A8CA-4704-899C-EB1D24978FF9}.Release|x86.Build.0 = Release|Any CPU
		{EF0FC7EA-7E4D-479F-BBAB-C8854522757C}.Debug|Any CPU.ActiveCfg = Debug|Any CPU
		{EF0FC7EA-7E4D-479F-BBAB-C8854522757C}.Debug|Any CPU.Build.0 = Debug|Any CPU
		{EF0FC7EA-7E4D-479F-BBAB-C8854522757C}.Debug|x64.ActiveCfg = Debug|Any CPU
		{EF0FC7EA-7E4D-479F-BBAB-C8854522757C}.Debug|x64.Build.0 = Debug|Any CPU
		{EF0FC7EA-7E4D-479F-BBAB-C8854522757C}.Debug|x86.ActiveCfg = Debug|Any CPU
		{EF0FC7EA-7E4D-479F-BBAB-C8854522757C}.Debug|x86.Build.0 = Debug|Any CPU
		{EF0FC7EA-7E4D-479F-BBAB-C8854522757C}.Release|Any CPU.ActiveCfg = Release|Any CPU
		{EF0FC7EA-7E4D-479F-BBAB-C8854522757C}.Release|Any CPU.Build.0 = Release|Any CPU
		{EF0FC7EA-7E4D-479F-BBAB-C8854522757C}.Release|x64.ActiveCfg = Release|Any CPU
		{EF0FC7EA-7E4D-479F-BBAB-C8854522757C}.Release|x64.Build.0 = Release|Any CPU
		{EF0FC7EA-7E4D-479F-BBAB-C8854522757C}.Release|x86.ActiveCfg = Release|Any CPU
		{EF0FC7EA-7E4D-479F-BBAB-C8854522757C}.Release|x86.Build.0 = Release|Any CPU
		{17BE6027-8E08-4680-8565-BF895D2EFEB9}.Debug|Any CPU.ActiveCfg = Debug|Any CPU
		{17BE6027-8E08-4680-8565-BF895D2EFEB9}.Debug|Any CPU.Build.0 = Debug|Any CPU
		{17BE6027-8E08-4680-8565-BF895D2EFEB9}.Debug|x64.ActiveCfg = Debug|Any CPU
		{17BE6027-8E08-4680-8565-BF895D2EFEB9}.Debug|x64.Build.0 = Debug|Any CPU
		{17BE6027-8E08-4680-8565-BF895D2EFEB9}.Debug|x86.ActiveCfg = Debug|Any CPU
		{17BE6027-8E08-4680-8565-BF895D2EFEB9}.Debug|x86.Build.0 = Debug|Any CPU
		{17BE6027-8E08-4680-8565-BF895D2EFEB9}.Release|Any CPU.ActiveCfg = Release|Any CPU
		{17BE6027-8E08-4680-8565-BF895D2EFEB9}.Release|Any CPU.Build.0 = Release|Any CPU
		{17BE6027-8E08-4680-8565-BF895D2EFEB9}.Release|x64.ActiveCfg = Release|Any CPU
		{17BE6027-8E08-4680-8565-BF895D2EFEB9}.Release|x64.Build.0 = Release|Any CPU
		{17BE6027-8E08-4680-8565-BF895D2EFEB9}.Release|x86.ActiveCfg = Release|Any CPU
		{17BE6027-8E08-4680-8565-BF895D2EFEB9}.Release|x86.Build.0 = Release|Any CPU
		{10433DFD-5601-4B0D-A3E5-47C41799FB54}.Debug|Any CPU.ActiveCfg = Debug|Any CPU
		{10433DFD-5601-4B0D-A3E5-47C41799FB54}.Debug|Any CPU.Build.0 = Debug|Any CPU
		{10433DFD-5601-4B0D-A3E5-47C41799FB54}.Debug|x64.ActiveCfg = Debug|Any CPU
		{10433DFD-5601-4B0D-A3E5-47C41799FB54}.Debug|x64.Build.0 = Debug|Any CPU
		{10433DFD-5601-4B0D-A3E5-47C41799FB54}.Debug|x86.ActiveCfg = Debug|Any CPU
		{10433DFD-5601-4B0D-A3E5-47C41799FB54}.Debug|x86.Build.0 = Debug|Any CPU
		{10433DFD-5601-4B0D-A3E5-47C41799FB54}.Release|Any CPU.ActiveCfg = Release|Any CPU
		{10433DFD-5601-4B0D-A3E5-47C41799FB54}.Release|Any CPU.Build.0 = Release|Any CPU
		{10433DFD-5601-4B0D-A3E5-47C41799FB54}.Release|x64.ActiveCfg = Release|Any CPU
		{10433DFD-5601-4B0D-A3E5-47C41799FB54}.Release|x64.Build.0 = Release|Any CPU
		{10433DFD-5601-4B0D-A3E5-47C41799FB54}.Release|x86.ActiveCfg = Release|Any CPU
		{10433DFD-5601-4B0D-A3E5-47C41799FB54}.Release|x86.Build.0 = Release|Any CPU
		{F441AA43-8543-4C9C-AAD1-F2A96F593FFE}.Debug|Any CPU.ActiveCfg = Debug|Any CPU
		{F441AA43-8543-4C9C-AAD1-F2A96F593FFE}.Debug|Any CPU.Build.0 = Debug|Any CPU
		{F441AA43-8543-4C9C-AAD1-F2A96F593FFE}.Debug|x64.ActiveCfg = Debug|Any CPU
		{F441AA43-8543-4C9C-AAD1-F2A96F593FFE}.Debug|x64.Build.0 = Debug|Any CPU
		{F441AA43-8543-4C9C-AAD1-F2A96F593FFE}.Debug|x86.ActiveCfg = Debug|Any CPU
		{F441AA43-8543-4C9C-AAD1-F2A96F593FFE}.Debug|x86.Build.0 = Debug|Any CPU
		{F441AA43-8543-4C9C-AAD1-F2A96F593FFE}.Release|Any CPU.ActiveCfg = Release|Any CPU
		{F441AA43-8543-4C9C-AAD1-F2A96F593FFE}.Release|Any CPU.Build.0 = Release|Any CPU
		{F441AA43-8543-4C9C-AAD1-F2A96F593FFE}.Release|x64.ActiveCfg = Release|Any CPU
		{F441AA43-8543-4C9C-AAD1-F2A96F593FFE}.Release|x64.Build.0 = Release|Any CPU
		{F441AA43-8543-4C9C-AAD1-F2A96F593FFE}.Release|x86.ActiveCfg = Release|Any CPU
		{F441AA43-8543-4C9C-AAD1-F2A96F593FFE}.Release|x86.Build.0 = Release|Any CPU
		{0FD7BBF8-6E6F-402B-A092-CA5CFAE3DA64}.Debug|Any CPU.ActiveCfg = Debug|Any CPU
		{0FD7BBF8-6E6F-402B-A092-CA5CFAE3DA64}.Debug|Any CPU.Build.0 = Debug|Any CPU
		{0FD7BBF8-6E6F-402B-A092-CA5CFAE3DA64}.Debug|x64.ActiveCfg = Debug|Any CPU
		{0FD7BBF8-6E6F-402B-A092-CA5CFAE3DA64}.Debug|x64.Build.0 = Debug|Any CPU
		{0FD7BBF8-6E6F-402B-A092-CA5CFAE3DA64}.Debug|x86.ActiveCfg = Debug|Any CPU
		{0FD7BBF8-6E6F-402B-A092-CA5CFAE3DA64}.Debug|x86.Build.0 = Debug|Any CPU
		{0FD7BBF8-6E6F-402B-A092-CA5CFAE3DA64}.Release|Any CPU.ActiveCfg = Release|Any CPU
		{0FD7BBF8-6E6F-402B-A092-CA5CFAE3DA64}.Release|Any CPU.Build.0 = Release|Any CPU
		{0FD7BBF8-6E6F-402B-A092-CA5CFAE3DA64}.Release|x64.ActiveCfg = Release|Any CPU
		{0FD7BBF8-6E6F-402B-A092-CA5CFAE3DA64}.Release|x64.Build.0 = Release|Any CPU
		{0FD7BBF8-6E6F-402B-A092-CA5CFAE3DA64}.Release|x86.ActiveCfg = Release|Any CPU
		{0FD7BBF8-6E6F-402B-A092-CA5CFAE3DA64}.Release|x86.Build.0 = Release|Any CPU
		{27A9339B-0A30-4463-A03E-48DDFDA6B586}.Debug|Any CPU.ActiveCfg = Debug|Any CPU
		{27A9339B-0A30-4463-A03E-48DDFDA6B586}.Debug|Any CPU.Build.0 = Debug|Any CPU
		{27A9339B-0A30-4463-A03E-48DDFDA6B586}.Debug|x64.ActiveCfg = Debug|Any CPU
		{27A9339B-0A30-4463-A03E-48DDFDA6B586}.Debug|x64.Build.0 = Debug|Any CPU
		{27A9339B-0A30-4463-A03E-48DDFDA6B586}.Debug|x86.ActiveCfg = Debug|Any CPU
		{27A9339B-0A30-4463-A03E-48DDFDA6B586}.Debug|x86.Build.0 = Debug|Any CPU
		{27A9339B-0A30-4463-A03E-48DDFDA6B586}.Release|Any CPU.ActiveCfg = Release|Any CPU
		{27A9339B-0A30-4463-A03E-48DDFDA6B586}.Release|Any CPU.Build.0 = Release|Any CPU
		{27A9339B-0A30-4463-A03E-48DDFDA6B586}.Release|x64.ActiveCfg = Release|Any CPU
		{27A9339B-0A30-4463-A03E-48DDFDA6B586}.Release|x64.Build.0 = Release|Any CPU
		{27A9339B-0A30-4463-A03E-48DDFDA6B586}.Release|x86.ActiveCfg = Release|Any CPU
		{27A9339B-0A30-4463-A03E-48DDFDA6B586}.Release|x86.Build.0 = Release|Any CPU
		{FDA29613-3834-4A02-8773-802ED4AA5CEC}.Debug|Any CPU.ActiveCfg = Debug|Any CPU
		{FDA29613-3834-4A02-8773-802ED4AA5CEC}.Debug|Any CPU.Build.0 = Debug|Any CPU
		{FDA29613-3834-4A02-8773-802ED4AA5CEC}.Debug|x64.ActiveCfg = Debug|Any CPU
		{FDA29613-3834-4A02-8773-802ED4AA5CEC}.Debug|x64.Build.0 = Debug|Any CPU
		{FDA29613-3834-4A02-8773-802ED4AA5CEC}.Debug|x86.ActiveCfg = Debug|Any CPU
		{FDA29613-3834-4A02-8773-802ED4AA5CEC}.Debug|x86.Build.0 = Debug|Any CPU
		{FDA29613-3834-4A02-8773-802ED4AA5CEC}.Release|Any CPU.ActiveCfg = Release|Any CPU
		{FDA29613-3834-4A02-8773-802ED4AA5CEC}.Release|Any CPU.Build.0 = Release|Any CPU
		{FDA29613-3834-4A02-8773-802ED4AA5CEC}.Release|x64.ActiveCfg = Release|Any CPU
		{FDA29613-3834-4A02-8773-802ED4AA5CEC}.Release|x64.Build.0 = Release|Any CPU
		{FDA29613-3834-4A02-8773-802ED4AA5CEC}.Release|x86.ActiveCfg = Release|Any CPU
		{FDA29613-3834-4A02-8773-802ED4AA5CEC}.Release|x86.Build.0 = Release|Any CPU
		{7DE07EC4-9F24-44B1-B3F8-79195207C15D}.Debug|Any CPU.ActiveCfg = Debug|Any CPU
		{7DE07EC4-9F24-44B1-B3F8-79195207C15D}.Debug|Any CPU.Build.0 = Debug|Any CPU
		{7DE07EC4-9F24-44B1-B3F8-79195207C15D}.Debug|x64.ActiveCfg = Debug|Any CPU
		{7DE07EC4-9F24-44B1-B3F8-79195207C15D}.Debug|x64.Build.0 = Debug|Any CPU
		{7DE07EC4-9F24-44B1-B3F8-79195207C15D}.Debug|x86.ActiveCfg = Debug|Any CPU
		{7DE07EC4-9F24-44B1-B3F8-79195207C15D}.Debug|x86.Build.0 = Debug|Any CPU
		{7DE07EC4-9F24-44B1-B3F8-79195207C15D}.Release|Any CPU.ActiveCfg = Release|Any CPU
		{7DE07EC4-9F24-44B1-B3F8-79195207C15D}.Release|Any CPU.Build.0 = Release|Any CPU
		{7DE07EC4-9F24-44B1-B3F8-79195207C15D}.Release|x64.ActiveCfg = Release|Any CPU
		{7DE07EC4-9F24-44B1-B3F8-79195207C15D}.Release|x64.Build.0 = Release|Any CPU
		{7DE07EC4-9F24-44B1-B3F8-79195207C15D}.Release|x86.ActiveCfg = Release|Any CPU
		{7DE07EC4-9F24-44B1-B3F8-79195207C15D}.Release|x86.Build.0 = Release|Any CPU
		{2B2A798C-6927-4AC3-A0F2-4D30BFC0CB97}.Debug|Any CPU.ActiveCfg = Debug|Any CPU
		{2B2A798C-6927-4AC3-A0F2-4D30BFC0CB97}.Debug|Any CPU.Build.0 = Debug|Any CPU
		{2B2A798C-6927-4AC3-A0F2-4D30BFC0CB97}.Debug|x64.ActiveCfg = Debug|Any CPU
		{2B2A798C-6927-4AC3-A0F2-4D30BFC0CB97}.Debug|x64.Build.0 = Debug|Any CPU
		{2B2A798C-6927-4AC3-A0F2-4D30BFC0CB97}.Debug|x86.ActiveCfg = Debug|Any CPU
		{2B2A798C-6927-4AC3-A0F2-4D30BFC0CB97}.Debug|x86.Build.0 = Debug|Any CPU
		{2B2A798C-6927-4AC3-A0F2-4D30BFC0CB97}.Release|Any CPU.ActiveCfg = Release|Any CPU
		{2B2A798C-6927-4AC3-A0F2-4D30BFC0CB97}.Release|Any CPU.Build.0 = Release|Any CPU
		{2B2A798C-6927-4AC3-A0F2-4D30BFC0CB97}.Release|x64.ActiveCfg = Release|Any CPU
		{2B2A798C-6927-4AC3-A0F2-4D30BFC0CB97}.Release|x64.Build.0 = Release|Any CPU
		{2B2A798C-6927-4AC3-A0F2-4D30BFC0CB97}.Release|x86.ActiveCfg = Release|Any CPU
		{2B2A798C-6927-4AC3-A0F2-4D30BFC0CB97}.Release|x86.Build.0 = Release|Any CPU
		{AC9C8104-FA02-4A10-BD8B-551BE69D4086}.Debug|Any CPU.ActiveCfg = Debug|Any CPU
		{AC9C8104-FA02-4A10-BD8B-551BE69D4086}.Debug|Any CPU.Build.0 = Debug|Any CPU
		{AC9C8104-FA02-4A10-BD8B-551BE69D4086}.Debug|x64.ActiveCfg = Debug|Any CPU
		{AC9C8104-FA02-4A10-BD8B-551BE69D4086}.Debug|x64.Build.0 = Debug|Any CPU
		{AC9C8104-FA02-4A10-BD8B-551BE69D4086}.Debug|x86.ActiveCfg = Debug|Any CPU
		{AC9C8104-FA02-4A10-BD8B-551BE69D4086}.Debug|x86.Build.0 = Debug|Any CPU
		{AC9C8104-FA02-4A10-BD8B-551BE69D4086}.Release|Any CPU.ActiveCfg = Release|Any CPU
		{AC9C8104-FA02-4A10-BD8B-551BE69D4086}.Release|Any CPU.Build.0 = Release|Any CPU
		{AC9C8104-FA02-4A10-BD8B-551BE69D4086}.Release|x64.ActiveCfg = Release|Any CPU
		{AC9C8104-FA02-4A10-BD8B-551BE69D4086}.Release|x64.Build.0 = Release|Any CPU
		{AC9C8104-FA02-4A10-BD8B-551BE69D4086}.Release|x86.ActiveCfg = Release|Any CPU
		{AC9C8104-FA02-4A10-BD8B-551BE69D4086}.Release|x86.Build.0 = Release|Any CPU
		{4D16C5D5-3F09-4A6C-B9DB-AF7B19297B1A}.Debug|Any CPU.ActiveCfg = Debug|Any CPU
		{4D16C5D5-3F09-4A6C-B9DB-AF7B19297B1A}.Debug|Any CPU.Build.0 = Debug|Any CPU
		{4D16C5D5-3F09-4A6C-B9DB-AF7B19297B1A}.Debug|x64.ActiveCfg = Debug|Any CPU
		{4D16C5D5-3F09-4A6C-B9DB-AF7B19297B1A}.Debug|x64.Build.0 = Debug|Any CPU
		{4D16C5D5-3F09-4A6C-B9DB-AF7B19297B1A}.Debug|x86.ActiveCfg = Debug|Any CPU
		{4D16C5D5-3F09-4A6C-B9DB-AF7B19297B1A}.Debug|x86.Build.0 = Debug|Any CPU
		{4D16C5D5-3F09-4A6C-B9DB-AF7B19297B1A}.Release|Any CPU.ActiveCfg = Release|Any CPU
		{4D16C5D5-3F09-4A6C-B9DB-AF7B19297B1A}.Release|Any CPU.Build.0 = Release|Any CPU
		{4D16C5D5-3F09-4A6C-B9DB-AF7B19297B1A}.Release|x64.ActiveCfg = Release|Any CPU
		{4D16C5D5-3F09-4A6C-B9DB-AF7B19297B1A}.Release|x64.Build.0 = Release|Any CPU
		{4D16C5D5-3F09-4A6C-B9DB-AF7B19297B1A}.Release|x86.ActiveCfg = Release|Any CPU
		{4D16C5D5-3F09-4A6C-B9DB-AF7B19297B1A}.Release|x86.Build.0 = Release|Any CPU
		{8769C8D7-8BE4-47D6-B1AC-C130F319BFBC}.Debug|Any CPU.ActiveCfg = Debug|Any CPU
		{8769C8D7-8BE4-47D6-B1AC-C130F319BFBC}.Debug|Any CPU.Build.0 = Debug|Any CPU
		{8769C8D7-8BE4-47D6-B1AC-C130F319BFBC}.Debug|x64.ActiveCfg = Debug|Any CPU
		{8769C8D7-8BE4-47D6-B1AC-C130F319BFBC}.Debug|x64.Build.0 = Debug|Any CPU
		{8769C8D7-8BE4-47D6-B1AC-C130F319BFBC}.Debug|x86.ActiveCfg = Debug|Any CPU
		{8769C8D7-8BE4-47D6-B1AC-C130F319BFBC}.Debug|x86.Build.0 = Debug|Any CPU
		{8769C8D7-8BE4-47D6-B1AC-C130F319BFBC}.Release|Any CPU.ActiveCfg = Release|Any CPU
		{8769C8D7-8BE4-47D6-B1AC-C130F319BFBC}.Release|Any CPU.Build.0 = Release|Any CPU
		{8769C8D7-8BE4-47D6-B1AC-C130F319BFBC}.Release|x64.ActiveCfg = Release|Any CPU
		{8769C8D7-8BE4-47D6-B1AC-C130F319BFBC}.Release|x64.Build.0 = Release|Any CPU
		{8769C8D7-8BE4-47D6-B1AC-C130F319BFBC}.Release|x86.ActiveCfg = Release|Any CPU
		{8769C8D7-8BE4-47D6-B1AC-C130F319BFBC}.Release|x86.Build.0 = Release|Any CPU
		{AB701F1C-CE58-43FC-8961-3FEA93315A7E}.Debug|Any CPU.ActiveCfg = Debug|Any CPU
		{AB701F1C-CE58-43FC-8961-3FEA93315A7E}.Debug|Any CPU.Build.0 = Debug|Any CPU
		{AB701F1C-CE58-43FC-8961-3FEA93315A7E}.Debug|x64.ActiveCfg = Debug|Any CPU
		{AB701F1C-CE58-43FC-8961-3FEA93315A7E}.Debug|x64.Build.0 = Debug|Any CPU
		{AB701F1C-CE58-43FC-8961-3FEA93315A7E}.Debug|x86.ActiveCfg = Debug|Any CPU
		{AB701F1C-CE58-43FC-8961-3FEA93315A7E}.Debug|x86.Build.0 = Debug|Any CPU
		{AB701F1C-CE58-43FC-8961-3FEA93315A7E}.Release|Any CPU.ActiveCfg = Release|Any CPU
		{AB701F1C-CE58-43FC-8961-3FEA93315A7E}.Release|Any CPU.Build.0 = Release|Any CPU
		{AB701F1C-CE58-43FC-8961-3FEA93315A7E}.Release|x64.ActiveCfg = Release|Any CPU
		{AB701F1C-CE58-43FC-8961-3FEA93315A7E}.Release|x64.Build.0 = Release|Any CPU
		{AB701F1C-CE58-43FC-8961-3FEA93315A7E}.Release|x86.ActiveCfg = Release|Any CPU
		{AB701F1C-CE58-43FC-8961-3FEA93315A7E}.Release|x86.Build.0 = Release|Any CPU
		{0EC4A496-5353-43EE-ABC4-86826B74AC66}.Debug|Any CPU.ActiveCfg = Debug|Any CPU
		{0EC4A496-5353-43EE-ABC4-86826B74AC66}.Debug|Any CPU.Build.0 = Debug|Any CPU
		{0EC4A496-5353-43EE-ABC4-86826B74AC66}.Debug|x64.ActiveCfg = Debug|Any CPU
		{0EC4A496-5353-43EE-ABC4-86826B74AC66}.Debug|x64.Build.0 = Debug|Any CPU
		{0EC4A496-5353-43EE-ABC4-86826B74AC66}.Debug|x86.ActiveCfg = Debug|Any CPU
		{0EC4A496-5353-43EE-ABC4-86826B74AC66}.Debug|x86.Build.0 = Debug|Any CPU
		{0EC4A496-5353-43EE-ABC4-86826B74AC66}.Release|Any CPU.ActiveCfg = Release|Any CPU
		{0EC4A496-5353-43EE-ABC4-86826B74AC66}.Release|Any CPU.Build.0 = Release|Any CPU
		{0EC4A496-5353-43EE-ABC4-86826B74AC66}.Release|x64.ActiveCfg = Release|Any CPU
		{0EC4A496-5353-43EE-ABC4-86826B74AC66}.Release|x64.Build.0 = Release|Any CPU
		{0EC4A496-5353-43EE-ABC4-86826B74AC66}.Release|x86.ActiveCfg = Release|Any CPU
		{0EC4A496-5353-43EE-ABC4-86826B74AC66}.Release|x86.Build.0 = Release|Any CPU
		{01D68142-D0E3-4249-8E1F-7037DB87A616}.Debug|Any CPU.ActiveCfg = Debug|Any CPU
		{01D68142-D0E3-4249-8E1F-7037DB87A616}.Debug|Any CPU.Build.0 = Debug|Any CPU
		{01D68142-D0E3-4249-8E1F-7037DB87A616}.Debug|x64.ActiveCfg = Debug|Any CPU
		{01D68142-D0E3-4249-8E1F-7037DB87A616}.Debug|x64.Build.0 = Debug|Any CPU
		{01D68142-D0E3-4249-8E1F-7037DB87A616}.Debug|x86.ActiveCfg = Debug|Any CPU
		{01D68142-D0E3-4249-8E1F-7037DB87A616}.Debug|x86.Build.0 = Debug|Any CPU
		{01D68142-D0E3-4249-8E1F-7037DB87A616}.Release|Any CPU.ActiveCfg = Release|Any CPU
		{01D68142-D0E3-4249-8E1F-7037DB87A616}.Release|Any CPU.Build.0 = Release|Any CPU
		{01D68142-D0E3-4249-8E1F-7037DB87A616}.Release|x64.ActiveCfg = Release|Any CPU
		{01D68142-D0E3-4249-8E1F-7037DB87A616}.Release|x64.Build.0 = Release|Any CPU
		{01D68142-D0E3-4249-8E1F-7037DB87A616}.Release|x86.ActiveCfg = Release|Any CPU
		{01D68142-D0E3-4249-8E1F-7037DB87A616}.Release|x86.Build.0 = Release|Any CPU
		{B39A8885-59E0-4252-A373-023CBAF99D48}.Debug|Any CPU.ActiveCfg = Debug|Any CPU
		{B39A8885-59E0-4252-A373-023CBAF99D48}.Debug|Any CPU.Build.0 = Debug|Any CPU
		{B39A8885-59E0-4252-A373-023CBAF99D48}.Debug|x64.ActiveCfg = Debug|Any CPU
		{B39A8885-59E0-4252-A373-023CBAF99D48}.Debug|x64.Build.0 = Debug|Any CPU
		{B39A8885-59E0-4252-A373-023CBAF99D48}.Debug|x86.ActiveCfg = Debug|Any CPU
		{B39A8885-59E0-4252-A373-023CBAF99D48}.Debug|x86.Build.0 = Debug|Any CPU
		{B39A8885-59E0-4252-A373-023CBAF99D48}.Release|Any CPU.ActiveCfg = Release|Any CPU
		{B39A8885-59E0-4252-A373-023CBAF99D48}.Release|Any CPU.Build.0 = Release|Any CPU
		{B39A8885-59E0-4252-A373-023CBAF99D48}.Release|x64.ActiveCfg = Release|Any CPU
		{B39A8885-59E0-4252-A373-023CBAF99D48}.Release|x64.Build.0 = Release|Any CPU
		{B39A8885-59E0-4252-A373-023CBAF99D48}.Release|x86.ActiveCfg = Release|Any CPU
		{B39A8885-59E0-4252-A373-023CBAF99D48}.Release|x86.Build.0 = Release|Any CPU
		{F11D575F-15D6-43EE-B729-86EC024CD4E0}.Debug|Any CPU.ActiveCfg = Debug|Any CPU
		{F11D575F-15D6-43EE-B729-86EC024CD4E0}.Debug|Any CPU.Build.0 = Debug|Any CPU
		{F11D575F-15D6-43EE-B729-86EC024CD4E0}.Debug|x64.ActiveCfg = Debug|Any CPU
		{F11D575F-15D6-43EE-B729-86EC024CD4E0}.Debug|x64.Build.0 = Debug|Any CPU
		{F11D575F-15D6-43EE-B729-86EC024CD4E0}.Debug|x86.ActiveCfg = Debug|Any CPU
		{F11D575F-15D6-43EE-B729-86EC024CD4E0}.Debug|x86.Build.0 = Debug|Any CPU
		{F11D575F-15D6-43EE-B729-86EC024CD4E0}.Release|Any CPU.ActiveCfg = Release|Any CPU
		{F11D575F-15D6-43EE-B729-86EC024CD4E0}.Release|Any CPU.Build.0 = Release|Any CPU
		{F11D575F-15D6-43EE-B729-86EC024CD4E0}.Release|x64.ActiveCfg = Release|Any CPU
		{F11D575F-15D6-43EE-B729-86EC024CD4E0}.Release|x64.Build.0 = Release|Any CPU
		{F11D575F-15D6-43EE-B729-86EC024CD4E0}.Release|x86.ActiveCfg = Release|Any CPU
		{F11D575F-15D6-43EE-B729-86EC024CD4E0}.Release|x86.Build.0 = Release|Any CPU
		{026BB9F9-669C-42F7-8734-EAE0F2A81D60}.Debug|Any CPU.ActiveCfg = Debug|Any CPU
		{026BB9F9-669C-42F7-8734-EAE0F2A81D60}.Debug|Any CPU.Build.0 = Debug|Any CPU
		{026BB9F9-669C-42F7-8734-EAE0F2A81D60}.Debug|x64.ActiveCfg = Debug|Any CPU
		{026BB9F9-669C-42F7-8734-EAE0F2A81D60}.Debug|x64.Build.0 = Debug|Any CPU
		{026BB9F9-669C-42F7-8734-EAE0F2A81D60}.Debug|x86.ActiveCfg = Debug|Any CPU
		{026BB9F9-669C-42F7-8734-EAE0F2A81D60}.Debug|x86.Build.0 = Debug|Any CPU
		{026BB9F9-669C-42F7-8734-EAE0F2A81D60}.Release|Any CPU.ActiveCfg = Release|Any CPU
		{026BB9F9-669C-42F7-8734-EAE0F2A81D60}.Release|Any CPU.Build.0 = Release|Any CPU
		{026BB9F9-669C-42F7-8734-EAE0F2A81D60}.Release|x64.ActiveCfg = Release|Any CPU
		{026BB9F9-669C-42F7-8734-EAE0F2A81D60}.Release|x64.Build.0 = Release|Any CPU
		{026BB9F9-669C-42F7-8734-EAE0F2A81D60}.Release|x86.ActiveCfg = Release|Any CPU
		{026BB9F9-669C-42F7-8734-EAE0F2A81D60}.Release|x86.Build.0 = Release|Any CPU
		{514EF0DE-E707-4E88-8E46-479801B6A404}.Debug|Any CPU.ActiveCfg = Debug|Any CPU
		{514EF0DE-E707-4E88-8E46-479801B6A404}.Debug|Any CPU.Build.0 = Debug|Any CPU
		{514EF0DE-E707-4E88-8E46-479801B6A404}.Debug|x64.ActiveCfg = Debug|Any CPU
		{514EF0DE-E707-4E88-8E46-479801B6A404}.Debug|x64.Build.0 = Debug|Any CPU
		{514EF0DE-E707-4E88-8E46-479801B6A404}.Debug|x86.ActiveCfg = Debug|Any CPU
		{514EF0DE-E707-4E88-8E46-479801B6A404}.Debug|x86.Build.0 = Debug|Any CPU
		{514EF0DE-E707-4E88-8E46-479801B6A404}.Release|Any CPU.ActiveCfg = Release|Any CPU
		{514EF0DE-E707-4E88-8E46-479801B6A404}.Release|Any CPU.Build.0 = Release|Any CPU
		{514EF0DE-E707-4E88-8E46-479801B6A404}.Release|x64.ActiveCfg = Release|Any CPU
		{514EF0DE-E707-4E88-8E46-479801B6A404}.Release|x64.Build.0 = Release|Any CPU
		{514EF0DE-E707-4E88-8E46-479801B6A404}.Release|x86.ActiveCfg = Release|Any CPU
		{514EF0DE-E707-4E88-8E46-479801B6A404}.Release|x86.Build.0 = Release|Any CPU
		{C29EE209-B25E-4C93-81C9-ADAEE9F0F79E}.Debug|Any CPU.ActiveCfg = Debug|Any CPU
		{C29EE209-B25E-4C93-81C9-ADAEE9F0F79E}.Debug|Any CPU.Build.0 = Debug|Any CPU
		{C29EE209-B25E-4C93-81C9-ADAEE9F0F79E}.Debug|x64.ActiveCfg = Debug|Any CPU
		{C29EE209-B25E-4C93-81C9-ADAEE9F0F79E}.Debug|x64.Build.0 = Debug|Any CPU
		{C29EE209-B25E-4C93-81C9-ADAEE9F0F79E}.Debug|x86.ActiveCfg = Debug|Any CPU
		{C29EE209-B25E-4C93-81C9-ADAEE9F0F79E}.Debug|x86.Build.0 = Debug|Any CPU
		{C29EE209-B25E-4C93-81C9-ADAEE9F0F79E}.Release|Any CPU.ActiveCfg = Release|Any CPU
		{C29EE209-B25E-4C93-81C9-ADAEE9F0F79E}.Release|Any CPU.Build.0 = Release|Any CPU
		{C29EE209-B25E-4C93-81C9-ADAEE9F0F79E}.Release|x64.ActiveCfg = Release|Any CPU
		{C29EE209-B25E-4C93-81C9-ADAEE9F0F79E}.Release|x64.Build.0 = Release|Any CPU
		{C29EE209-B25E-4C93-81C9-ADAEE9F0F79E}.Release|x86.ActiveCfg = Release|Any CPU
		{C29EE209-B25E-4C93-81C9-ADAEE9F0F79E}.Release|x86.Build.0 = Release|Any CPU
	EndGlobalSection
	GlobalSection(SolutionProperties) = preSolution
		HideSolutionNode = FALSE
	EndGlobalSection
	GlobalSection(NestedProjects) = preSolution
		{6306A8FB-679E-111F-6585-8F70E0EE6013} = {827E0CD3-B72D-47B6-A68D-7590B98EB39B}
		{FE1E9077-22A6-4277-BC1D-E05C580C5845} = {6306A8FB-679E-111F-6585-8F70E0EE6013}
		{984BB9B3-3FA3-BE33-9484-CAC21695A33C} = {827E0CD3-B72D-47B6-A68D-7590B98EB39B}
		{023B9AA2-7486-B2A3-4322-CC29E28BB2EB} = {984BB9B3-3FA3-BE33-9484-CAC21695A33C}
		{D2664BF2-1ED8-4A4B-AE4C-0F16DB2B20CE} = {023B9AA2-7486-B2A3-4322-CC29E28BB2EB}
		{97F191DE-705A-4C76-9A3C-B30EE3E827B2} = {023B9AA2-7486-B2A3-4322-CC29E28BB2EB}
		{0A780994-BEAC-4C78-948A-65275DE725EA} = {023B9AA2-7486-B2A3-4322-CC29E28BB2EB}
		{B465348C-20F5-46AF-8764-5702C86FC0EC} = {023B9AA2-7486-B2A3-4322-CC29E28BB2EB}
		{A57FC51C-7361-FF58-DF21-5E5940329ABE} = {984BB9B3-3FA3-BE33-9484-CAC21695A33C}
		{C4D97CC3-AECB-45EE-B9F5-DCD58FF5AF3A} = {A57FC51C-7361-FF58-DF21-5E5940329ABE}
		{41AD1727-42D0-4755-9C3F-C9A0026AF4AE} = {A57FC51C-7361-FF58-DF21-5E5940329ABE}
		{658A7BB0-A8CA-4704-899C-EB1D24978FF9} = {A57FC51C-7361-FF58-DF21-5E5940329ABE}
		{EF0FC7EA-7E4D-479F-BBAB-C8854522757C} = {A57FC51C-7361-FF58-DF21-5E5940329ABE}
		{1BFC9479-12BF-35C3-06B8-42D89D95092B} = {984BB9B3-3FA3-BE33-9484-CAC21695A33C}
		{17BE6027-8E08-4680-8565-BF895D2EFEB9} = {1BFC9479-12BF-35C3-06B8-42D89D95092B}
		{10433DFD-5601-4B0D-A3E5-47C41799FB54} = {1BFC9479-12BF-35C3-06B8-42D89D95092B}
		{F441AA43-8543-4C9C-AAD1-F2A96F593FFE} = {1BFC9479-12BF-35C3-06B8-42D89D95092B}
		{0FD7BBF8-6E6F-402B-A092-CA5CFAE3DA64} = {1BFC9479-12BF-35C3-06B8-42D89D95092B}
		{37931378-6372-1BBC-7B6E-902212509155} = {984BB9B3-3FA3-BE33-9484-CAC21695A33C}
		{27A9339B-0A30-4463-A03E-48DDFDA6B586} = {37931378-6372-1BBC-7B6E-902212509155}
		{FDA29613-3834-4A02-8773-802ED4AA5CEC} = {37931378-6372-1BBC-7B6E-902212509155}
		{7DE07EC4-9F24-44B1-B3F8-79195207C15D} = {37931378-6372-1BBC-7B6E-902212509155}
		{2B2A798C-6927-4AC3-A0F2-4D30BFC0CB97} = {37931378-6372-1BBC-7B6E-902212509155}
		{3684FCDD-39A6-87A3-3BF4-790D5BE4AD69} = {984BB9B3-3FA3-BE33-9484-CAC21695A33C}
		{AC9C8104-FA02-4A10-BD8B-551BE69D4086} = {3684FCDD-39A6-87A3-3BF4-790D5BE4AD69}
		{4D16C5D5-3F09-4A6C-B9DB-AF7B19297B1A} = {3684FCDD-39A6-87A3-3BF4-790D5BE4AD69}
		{8769C8D7-8BE4-47D6-B1AC-C130F319BFBC} = {3684FCDD-39A6-87A3-3BF4-790D5BE4AD69}
		{AB701F1C-CE58-43FC-8961-3FEA93315A7E} = {3684FCDD-39A6-87A3-3BF4-790D5BE4AD69}
		{9277334F-31F4-C8C9-18F6-86772FD6A830} = {984BB9B3-3FA3-BE33-9484-CAC21695A33C}
		{0EC4A496-5353-43EE-ABC4-86826B74AC66} = {9277334F-31F4-C8C9-18F6-86772FD6A830}
		{01D68142-D0E3-4249-8E1F-7037DB87A616} = {9277334F-31F4-C8C9-18F6-86772FD6A830}
		{B39A8885-59E0-4252-A373-023CBAF99D48} = {9277334F-31F4-C8C9-18F6-86772FD6A830}
		{F11D575F-15D6-43EE-B729-86EC024CD4E0} = {9277334F-31F4-C8C9-18F6-86772FD6A830}
		{C8E42992-5E42-0C2B-DBFE-AA848D06431C} = {827E0CD3-B72D-47B6-A68D-7590B98EB39B}
		{026BB9F9-669C-42F7-8734-EAE0F2A81D60} = {C8E42992-5E42-0C2B-DBFE-AA848D06431C}
		{514EF0DE-E707-4E88-8E46-479801B6A404} = {C8E42992-5E42-0C2B-DBFE-AA848D06431C}
		{C29EE209-B25E-4C93-81C9-ADAEE9F0F79E} = {C8E42992-5E42-0C2B-DBFE-AA848D06431C}
	EndGlobalSection
EndGlobal
